<?xml version="1.0" encoding="utf-8"?>
<Project ToolsVersion="4.0" xmlns="http://schemas.microsoft.com/developer/msbuild/2003">
  <ItemGroup>
    <Filter Include="Source Files">
      <UniqueIdentifier>{4FC737F1-C7A5-4376-A066-2A32D752A2FF}</UniqueIdentifier>
      <Extensions>cpp;c;cc;cxx;def;odl;idl;hpj;bat;asm;asmx</Extensions>
    </Filter>
    <Filter Include="Header Files">
      <UniqueIdentifier>{93995380-89BD-4b04-88EB-625FBE52EBFB}</UniqueIdentifier>
      <Extensions>h;hh;hpp;hxx;hm;inl;inc;ipp;xsd</Extensions>
    </Filter>
    <Filter Include="Resource Files">
      <UniqueIdentifier>{67DA6AB6-F800-4c08-8B7A-83BB121AAD01}</UniqueIdentifier>
      <Extensions>rc;ico;cur;bmp;dlg;rc2;rct;bin;rgs;gif;jpg;jpeg;jpe;resx;tiff;tif;png;wav;mfcribbon-ms</Extensions>
    </Filter>
    <Filter Include="Header Files\SmartCardManager">
      <UniqueIdentifier>{23dd2a3b-9929-4dcf-b26a-a2c6a5def1f8}</UniqueIdentifier>
    </Filter>
    <Filter Include="Source Files\SmartCardManager">
      <UniqueIdentifier>{106cc2c0-d1f6-421c-a413-c8abe95b37de}</UniqueIdentifier>
    </Filter>
  </ItemGroup>
  <ItemGroup>
    <ClCompile Include="MainForm.cpp">
      <Filter>Source Files</Filter>
    </ClCompile>
    <ClCompile Include="SmartCardForm.cpp">
      <Filter>Source Files</Filter>
    </ClCompile>
    <ClCompile Include="src\CardCommunication.cpp">
      <Filter>Source Files\SmartCardManager</Filter>
    </ClCompile>
    <ClCompile Include="src\DeviceManager.cpp">
      <Filter>Source Files\SmartCardManager</Filter>
    </ClCompile>
    <ClCompile Include="ReadingNameForm.cpp">
      <Filter>Source Files</Filter>
    </ClCompile>
    <ClCompile Include="UpdateNameForm.cpp">
      <Filter>Source Files</Filter>
    </ClCompile>
    <ClCompile Include="Crypto.cpp">
      <Filter>Source Files\SmartCardManager</Filter>
    </ClCompile>
    <ClCompile Include="InternalAuthenticationForm.cpp">
      <Filter>Source Files</Filter>
    </ClCompile>
    <ClCompile Include="PersonalizeSCForm.cpp">
      <Filter>Source Files</Filter>
    </ClCompile>
    <ClCompile Include="UpdateIDCredentialForm.cpp">
      <Filter>Source Files</Filter>
    </ClCompile>
    <ClCompile Include="SecretCodePasswordForm.cpp">
      <Filter>Source Files</Filter>
    </ClCompile>
    <ClCompile Include="UpdateAdministrationKey.cpp">
      <Filter>Source Files</Filter>
    </ClCompile>
    <ClCompile Include="UpdateSecretCodeForm.cpp">
      <Filter>Source Files</Filter>
    </ClCompile>
    <ClCompile Include="ReadingIDCredentialForm.cpp">
      <Filter>Source Files</Filter>
    </ClCompile>
  </ItemGroup>
  <ItemGroup>
    <ClInclude Include="MainForm.h">
      <Filter>Header Files</Filter>
    </ClInclude>
    <ClInclude Include="SmartCardForm.h">
      <Filter>Header Files</Filter>
    </ClInclude>
    <ClInclude Include="header\CardCommunication.h">
      <Filter>Header Files\SmartCardManager</Filter>
    </ClInclude>
    <ClInclude Include="header\DeviceManager.h">
      <Filter>Header Files\SmartCardManager</Filter>
    </ClInclude>
    <ClInclude Include="ReadingNameForm.h">
      <Filter>Header Files</Filter>
    </ClInclude>
    <ClInclude Include="UpdateNameForm.h">
      <Filter>Header Files</Filter>
    </ClInclude>
    <ClInclude Include="Crypto.h">
      <Filter>Header Files\SmartCardManager</Filter>
    </ClInclude>
    <ClInclude Include="InternalAuthenticationForm.h">
      <Filter>Header Files</Filter>
    </ClInclude>
    <ClInclude Include="PersonalizeSCForm.h">
      <Filter>Header Files</Filter>
    </ClInclude>
    <ClInclude Include="UpdateIDCredentialForm.h">
      <Filter>Header Files</Filter>
    </ClInclude>
    <ClInclude Include="SecretCodePasswordForm.h">
      <Filter>Header Files</Filter>
    </ClInclude>
    <ClInclude Include="UpdateAdministrationKey.h">
      <Filter>Header Files</Filter>
    </ClInclude>
    <ClInclude Include="UpdateSecretCodeForm.h">
      <Filter>Header Files</Filter>
    </ClInclude>
    <ClInclude Include="ReadingIDCredentialForm.h">
      <Filter>Header Files</Filter>
    </ClInclude>
    <ClInclude Include="resource.h">
      <Filter>Header Files</Filter>
    </ClInclude>
  </ItemGroup>
  <ItemGroup>
    <ResourceCompile Include="SmartCardApplication.rc">
      <Filter>Resource Files</Filter>
    </ResourceCompile>
  </ItemGroup>
  <ItemGroup>
    <Image Include="imgs\icons\Smart Card.ico">
      <Filter>Resource Files</Filter>
    </Image>
  </ItemGroup>
</Project>